PODS:
  - Blindside (1.2.0)
  - BlindsidedStoryboard (0.3.0):
    - Blindside (~> 1.1)
  - Cedar (0.12.0)

DEPENDENCIES:
  - Blindside (from `https://github.com/jbsf/blindside.git`, branch `master`)
  - BlindsidedStoryboard (from `../`)
  - Cedar (from `https://github.com/pivotal/cedar.git`, branch `master`)

EXTERNAL SOURCES:
  Blindside:
    :branch: master
    :git: https://github.com/jbsf/blindside.git
  BlindsidedStoryboard:
    :path: ../
  Cedar:
    :branch: master
    :git: https://github.com/pivotal/cedar.git

CHECKOUT OPTIONS:
  Blindside:
    :commit: 6cac42f491860bbf53c9ccdbaa251b88061fce3d
    :git: https://github.com/jbsf/blindside.git
  Cedar:
    :commit: 162ce0915863787744fb44e51bf60d5d69f8591a
    :git: https://github.com/pivotal/cedar.git

SPEC CHECKSUMS:
  Blindside: 83734043234c39fff9f83291769ae1367212e7ba
  BlindsidedStoryboard: 625ee361cf906abb8d8d1a0f4decfb4c73b6ee97
  Cedar: ca163d6364991f39a4758fef49be3b95504ed0d0

COCOAPODS: 0.39.0
