PODS:
  - Blindside (1.2.0)
  - BlindsidedStoryboard (0.3.0):
    - Blindside (~> 1.1)
  - Cedar (0.12.0)

DEPENDENCIES:
  - BlindsidedStoryboard (from `../`)
  - Cedar

EXTERNAL SOURCES:
  BlindsidedStoryboard:
    :path: ../

SPEC CHECKSUMS:
  Blindside: 70df36cf7acfe5640c4a86eea590ff025adbc105
  BlindsidedStoryboard: 65676f607e6a19da47994883a58c487c45f6fbfc
  Cedar: 57e00c655546e4a9dccbfcd95894565872585742

COCOAPODS: 0.39.0
